// !$*UTF8*$!
{
	archiveVersion = 1;
	classes = {
	};
	objectVersion = 50;
	objects = {

/* Begin PBXBuildFile section */
		420C5622250FC3590053E16F /* AppDelegate.swift in Sources */ = {isa = PBXBuildFile; fileRef = 420C5621250FC3590053E16F /* AppDelegate.swift */; };
		420C5624250FC3590053E16F /* SceneDelegate.swift in Sources */ = {isa = PBXBuildFile; fileRef = 420C5623250FC3590053E16F /* SceneDelegate.swift */; };
		420C5626250FC3590053E16F /* TodoVC.swift in Sources */ = {isa = PBXBuildFile; fileRef = 420C5625250FC3590053E16F /* TodoVC.swift */; };
		420C5629250FC3590053E16F /* Main.storyboard in Resources */ = {isa = PBXBuildFile; fileRef = 420C5627250FC3590053E16F /* Main.storyboard */; };
		420C562B250FC35A0053E16F /* Assets.xcassets in Resources */ = {isa = PBXBuildFile; fileRef = 420C562A250FC35A0053E16F /* Assets.xcassets */; };
		420C562E250FC35A0053E16F /* LaunchScreen.storyboard in Resources */ = {isa = PBXBuildFile; fileRef = 420C562C250FC35A0053E16F /* LaunchScreen.storyboard */; };
		420C5639250FC78D0053E16F /* TodoCell.swift in Sources */ = {isa = PBXBuildFile; fileRef = 420C5638250FC78D0053E16F /* TodoCell.swift */; };
		420C563B250FD6040053E16F /* Todo.swift in Sources */ = {isa = PBXBuildFile; fileRef = 420C563A250FD6040053E16F /* Todo.swift */; };
		420C563D250FD6800053E16F /* APIError.swift in Sources */ = {isa = PBXBuildFile; fileRef = 420C563C250FD6800053E16F /* APIError.swift */; };
		420C5640250FD6DB0053E16F /* NetworkService.swift in Sources */ = {isa = PBXBuildFile; fileRef = 420C563F250FD6DB0053E16F /* NetworkService.swift */; };
/* End PBXBuildFile section */

/* Begin PBXFileReference section */
		420C561E250FC3590053E16F /* todo-app.app */ = {isa = PBXFileReference; explicitFileType = wrapper.application; includeInIndex = 0; path = "todo-app.app"; sourceTree = BUILT_PRODUCTS_DIR; };
		420C5621250FC3590053E16F /* AppDelegate.swift */ = {isa = PBXFileReference; lastKnownFileType = sourcecode.swift; path = AppDelegate.swift; sourceTree = "<group>"; };
		420C5623250FC3590053E16F /* SceneDelegate.swift */ = {isa = PBXFileReference; lastKnownFileType = sourcecode.swift; path = SceneDelegate.swift; sourceTree = "<group>"; };
		420C5625250FC3590053E16F /* TodoVC.swift */ = {isa = PBXFileReference; lastKnownFileType = sourcecode.swift; name = TodoVC.swift; path = "todo-app/Controller/TodoVC.swift"; sourceTree = SOURCE_ROOT; };
		420C5628250FC3590053E16F /* Base */ = {isa = PBXFileReference; lastKnownFileType = file.storyboard; name = Base; path = Base.lproj/Main.storyboard; sourceTree = "<group>"; };
		420C562A250FC35A0053E16F /* Assets.xcassets */ = {isa = PBXFileReference; lastKnownFileType = folder.assetcatalog; path = Assets.xcassets; sourceTree = "<group>"; };
		420C562D250FC35A0053E16F /* Base */ = {isa = PBXFileReference; lastKnownFileType = file.storyboard; name = Base; path = Base.lproj/LaunchScreen.storyboard; sourceTree = "<group>"; };
		420C562F250FC35A0053E16F /* Info.plist */ = {isa = PBXFileReference; lastKnownFileType = text.plist.xml; path = Info.plist; sourceTree = "<group>"; };
		420C5638250FC78D0053E16F /* TodoCell.swift */ = {isa = PBXFileReference; lastKnownFileType = sourcecode.swift; path = TodoCell.swift; sourceTree = "<group>"; };
		420C563A250FD6040053E16F /* Todo.swift */ = {isa = PBXFileReference; lastKnownFileType = sourcecode.swift; path = Todo.swift; sourceTree = "<group>"; };
		420C563C250FD6800053E16F /* APIError.swift */ = {isa = PBXFileReference; lastKnownFileType = sourcecode.swift; path = APIError.swift; sourceTree = "<group>"; };
		420C563F250FD6DB0053E16F /* NetworkService.swift */ = {isa = PBXFileReference; lastKnownFileType = sourcecode.swift; path = NetworkService.swift; sourceTree = "<group>"; };
/* End PBXFileReference section */

/* Begin PBXFrameworksBuildPhase section */
		420C561B250FC3590053E16F /* Frameworks */ = {
			isa = PBXFrameworksBuildPhase;
			buildActionMask = 2147483647;
			files = (
			);
			runOnlyForDeploymentPostprocessing = 0;
		};
/* End PBXFrameworksBuildPhase section */

/* Begin PBXGroup section */
		420C5615250FC3590053E16F = {
			isa = PBXGroup;
			children = (
				420C5620250FC3590053E16F /* todo-app */,
				420C561F250FC3590053E16F /* Products */,
			);
			sourceTree = "<group>";
		};
		420C561F250FC3590053E16F /* Products */ = {
			isa = PBXGroup;
			children = (
				420C561E250FC3590053E16F /* todo-app.app */,
			);
			name = Products;
			sourceTree = "<group>";
		};
		420C5620250FC3590053E16F /* todo-app */ = {
			isa = PBXGroup;
			children = (
				420C563E250FD6CB0053E16F /* Services */,
				420C5637250FC75B0053E16F /* Controller */,
				420C5636250FC7550053E16F /* View */,
				420C5635250FC74F0053E16F /* Model */,
				420C5621250FC3590053E16F /* AppDelegate.swift */,
				420C5623250FC3590053E16F /* SceneDelegate.swift */,
				420C5627250FC3590053E16F /* Main.storyboard */,
				420C562A250FC35A0053E16F /* Assets.xcassets */,
				420C562C250FC35A0053E16F /* LaunchScreen.storyboard */,
				420C562F250FC35A0053E16F /* Info.plist */,
			);
			path = "todo-app";
			sourceTree = "<group>";
		};
		420C5635250FC74F0053E16F /* Model */ = {
			isa = PBXGroup;
			children = (
				420C563A250FD6040053E16F /* Todo.swift */,
				420C563C250FD6800053E16F /* APIError.swift */,
			);
			path = Model;
			sourceTree = "<group>";
		};
		420C5636250FC7550053E16F /* View */ = {
			isa = PBXGroup;
			children = (
				420C5638250FC78D0053E16F /* TodoCell.swift */,
			);
			path = View;
			sourceTree = "<group>";
		};
		420C5637250FC75B0053E16F /* Controller */ = {
			isa = PBXGroup;
			children = (
				420C5625250FC3590053E16F /* TodoVC.swift */,
			);
			path = Controller;
			sourceTree = "<group>";
		};
		420C563E250FD6CB0053E16F /* Services */ = {
			isa = PBXGroup;
			children = (
				420C563F250FD6DB0053E16F /* NetworkService.swift */,
			);
			path = Services;
			sourceTree = "<group>";
		};
/* End PBXGroup section */

/* Begin PBXNativeTarget section */
		420C561D250FC3590053E16F /* todo-app */ = {
			isa = PBXNativeTarget;
			buildConfigurationList = 420C5632250FC35A0053E16F /* Build configuration list for PBXNativeTarget "todo-app" */;
			buildPhases = (
				420C561A250FC3590053E16F /* Sources */,
				420C561B250FC3590053E16F /* Frameworks */,
				420C561C250FC3590053E16F /* Resources */,
			);
			buildRules = (
			);
			dependencies = (
			);
			name = "todo-app";
			productName = "todo-app";
			productReference = 420C561E250FC3590053E16F /* todo-app.app */;
			productType = "com.apple.product-type.application";
		};
/* End PBXNativeTarget section */

/* Begin PBXProject section */
		420C5616250FC3590053E16F /* Project object */ = {
			isa = PBXProject;
			attributes = {
				LastSwiftUpdateCheck = 1170;
				LastUpgradeCheck = 1170;
				ORGANIZATIONNAME = "Anton Bogomazov";
				TargetAttributes = {
					420C561D250FC3590053E16F = {
						CreatedOnToolsVersion = 11.7;
					};
				};
			};
			buildConfigurationList = 420C5619250FC3590053E16F /* Build configuration list for PBXProject "todo-app" */;
			compatibilityVersion = "Xcode 9.3";
			developmentRegion = en;
			hasScannedForEncodings = 0;
			knownRegions = (
				en,
				Base,
			);
			mainGroup = 420C5615250FC3590053E16F;
			productRefGroup = 420C561F250FC3590053E16F /* Products */;
			projectDirPath = "";
			projectRoot = "";
			targets = (
				420C561D250FC3590053E16F /* todo-app */,
			);
		};
/* End PBXProject section */

/* Begin PBXResourcesBuildPhase section */
		420C561C250FC3590053E16F /* Resources */ = {
			isa = PBXResourcesBuildPhase;
			buildActionMask = 2147483647;
			files = (
				420C562E250FC35A0053E16F /* LaunchScreen.storyboard in Resources */,
				420C562B250FC35A0053E16F /* Assets.xcassets in Resources */,
				420C5629250FC3590053E16F /* Main.storyboard in Resources */,
			);
			runOnlyForDeploymentPostprocessing = 0;
		};
/* End PBXResourcesBuildPhase section */

/* Begin PBXSourcesBuildPhase section */
		420C561A250FC3590053E16F /* Sources */ = {
			isa = PBXSourcesBuildPhase;
			buildActionMask = 2147483647;
			files = (
				420C5626250FC3590053E16F /* TodoVC.swift in Sources */,
				420C5622250FC3590053E16F /* AppDelegate.swift in Sources */,
				420C5624250FC3590053E16F /* SceneDelegate.swift in Sources */,
				420C5639250FC78D0053E16F /* TodoCell.swift in Sources */,
				420C563B250FD6040053E16F /* Todo.swift in Sources */,
				420C563D250FD6800053E16F /* APIError.swift in Sources */,
				420C5640250FD6DB0053E16F /* NetworkService.swift in Sources */,
			);
			runOnlyForDeploymentPostprocessing = 0;
		};
/* End PBXSourcesBuildPhase section */

/* Begin PBXVariantGroup section */
		420C5627250FC3590053E16F /* Main.storyboard */ = {
			isa = PBXVariantGroup;
			children = (
				420C5628250FC3590053E16F /* Base */,
			);
			name = Main.storyboard;
			sourceTree = "<group>";
		};
		420C562C250FC35A0053E16F /* LaunchScreen.storyboard */ = {
			isa = PBXVariantGroup;
			children = (
				420C562D250FC35A0053E16F /* Base */,
			);
			name = LaunchScreen.storyboard;
			sourceTree = "<group>";
		};
/* End PBXVariantGroup section */

/* Begin XCBuildConfiguration section */
		420C5630250FC35A0053E16F /* Debug */ = {
			isa = XCBuildConfiguration;
			buildSettings = {
				ALWAYS_SEARCH_USER_PATHS = NO;
				CLANG_ANALYZER_NONNULL = YES;
				CLANG_ANALYZER_NUMBER_OBJECT_CONVERSION = YES_AGGRESSIVE;
				CLANG_CXX_LANGUAGE_STANDARD = "gnu++14";
				CLANG_CXX_LIBRARY = "libc++";
				CLANG_ENABLE_MODULES = YES;
				CLANG_ENABLE_OBJC_ARC = YES;
				CLANG_ENABLE_OBJC_WEAK = YES;
				CLANG_WARN_BLOCK_CAPTURE_AUTORELEASING = YES;
				CLANG_WARN_BOOL_CONVERSION = YES;
				CLANG_WARN_COMMA = YES;
				CLANG_WARN_CONSTANT_CONVERSION = YES;
				CLANG_WARN_DEPRECATED_OBJC_IMPLEMENTATIONS = YES;
				CLANG_WARN_DIRECT_OBJC_ISA_USAGE = YES_ERROR;
				CLANG_WARN_DOCUMENTATION_COMMENTS = YES;
				CLANG_WARN_EMPTY_BODY = YES;
				CLANG_WARN_ENUM_CONVERSION = YES;
				CLANG_WARN_INFINITE_RECURSION = YES;
				CLANG_WARN_INT_CONVERSION = YES;
				CLANG_WARN_NON_LITERAL_NULL_CONVERSION = YES;
				CLANG_WARN_OBJC_IMPLICIT_RETAIN_SELF = YES;
				CLANG_WARN_OBJC_LITERAL_CONVERSION = YES;
				CLANG_WARN_OBJC_ROOT_CLASS = YES_ERROR;
				CLANG_WARN_RANGE_LOOP_ANALYSIS = YES;
				CLANG_WARN_STRICT_PROTOTYPES = YES;
				CLANG_WARN_SUSPICIOUS_MOVE = YES;
				CLANG_WARN_UNGUARDED_AVAILABILITY = YES_AGGRESSIVE;
				CLANG_WARN_UNREACHABLE_CODE = YES;
				CLANG_WARN__DUPLICATE_METHOD_MATCH = YES;
				COPY_PHASE_STRIP = NO;
				DEBUG_INFORMATION_FORMAT = dwarf;
				ENABLE_STRICT_OBJC_MSGSEND = YES;
				ENABLE_TESTABILITY = YES;
				GCC_C_LANGUAGE_STANDARD = gnu11;
				GCC_DYNAMIC_NO_PIC = NO;
				GCC_NO_COMMON_BLOCKS = YES;
				GCC_OPTIMIZATION_LEVEL = 0;
				GCC_PREPROCESSOR_DEFINITIONS = (
					"DEBUG=1",
					"$(inherited)",
				);
				GCC_WARN_64_TO_32_BIT_CONVERSION = YES;
				GCC_WARN_ABOUT_RETURN_TYPE = YES_ERROR;
				GCC_WARN_UNDECLARED_SELECTOR = YES;
				GCC_WARN_UNINITIALIZED_AUTOS = YES_AGGRESSIVE;
				GCC_WARN_UNUSED_FUNCTION = YES;
				GCC_WARN_UNUSED_VARIABLE = YES;
				IPHONEOS_DEPLOYMENT_TARGET = 13.7;
				MTL_ENABLE_DEBUG_INFO = INCLUDE_SOURCE;
				MTL_FAST_MATH = YES;
				ONLY_ACTIVE_ARCH = YES;
				SDKROOT = iphoneos;
				SWIFT_ACTIVE_COMPILATION_CONDITIONS = DEBUG;
				SWIFT_OPTIMIZATION_LEVEL = "-Onone";
			};
			name = Debug;
		};
		420C5631250FC35A0053E16F /* Release */ = {
			isa = XCBuildConfiguration;
			buildSettings = {
				ALWAYS_SEARCH_USER_PATHS = NO;
				CLANG_ANALYZER_NONNULL = YES;
				CLANG_ANALYZER_NUMBER_OBJECT_CONVERSION = YES_AGGRESSIVE;
				CLANG_CXX_LANGUAGE_STANDARD = "gnu++14";
				CLANG_CXX_LIBRARY = "libc++";
				CLANG_ENABLE_MODULES = YES;
				CLANG_ENABLE_OBJC_ARC = YES;
				CLANG_ENABLE_OBJC_WEAK = YES;
				CLANG_WARN_BLOCK_CAPTURE_AUTORELEASING = YES;
				CLANG_WARN_BOOL_CONVERSION = YES;
				CLANG_WARN_COMMA = YES;
				CLANG_WARN_CONSTANT_CONVERSION = YES;
				CLANG_WARN_DEPRECATED_OBJC_IMPLEMENTATIONS = YES;
				CLANG_WARN_DIRECT_OBJC_ISA_USAGE = YES_ERROR;
				CLANG_WARN_DOCUMENTATION_COMMENTS = YES;
				CLANG_WARN_EMPTY_BODY = YES;
				CLANG_WARN_ENUM_CONVERSION = YES;
				CLANG_WARN_INFINITE_RECURSION = YES;
				CLANG_WARN_INT_CONVERSION = YES;
				CLANG_WARN_NON_LITERAL_NULL_CONVERSION = YES;
				CLANG_WARN_OBJC_IMPLICIT_RETAIN_SELF = YES;
				CLANG_WARN_OBJC_LITERAL_CONVERSION = YES;
				CLANG_WARN_OBJC_ROOT_CLASS = YES_ERROR;
				CLANG_WARN_RANGE_LOOP_ANALYSIS = YES;
				CLANG_WARN_STRICT_PROTOTYPES = YES;
				CLANG_WARN_SUSPICIOUS_MOVE = YES;
				CLANG_WARN_UNGUARDED_AVAILABILITY = YES_AGGRESSIVE;
				CLANG_WARN_UNREACHABLE_CODE = YES;
				CLANG_WARN__DUPLICATE_METHOD_MATCH = YES;
				COPY_PHASE_STRIP = NO;
				DEBUG_INFORMATION_FORMAT = "dwarf-with-dsym";
				ENABLE_NS_ASSERTIONS = NO;
				ENABLE_STRICT_OBJC_MSGSEND = YES;
				GCC_C_LANGUAGE_STANDARD = gnu11;
				GCC_NO_COMMON_BLOCKS = YES;
				GCC_WARN_64_TO_32_BIT_CONVERSION = YES;
				GCC_WARN_ABOUT_RETURN_TYPE = YES_ERROR;
				GCC_WARN_UNDECLARED_SELECTOR = YES;
				GCC_WARN_UNINITIALIZED_AUTOS = YES_AGGRESSIVE;
				GCC_WARN_UNUSED_FUNCTION = YES;
				GCC_WARN_UNUSED_VARIABLE = YES;
				IPHONEOS_DEPLOYMENT_TARGET = 13.7;
				MTL_ENABLE_DEBUG_INFO = NO;
				MTL_FAST_MATH = YES;
				SDKROOT = iphoneos;
				SWIFT_COMPILATION_MODE = wholemodule;
				SWIFT_OPTIMIZATION_LEVEL = "-O";
				VALIDATE_PRODUCT = YES;
			};
			name = Release;
		};
		420C5633250FC35A0053E16F /* Debug */ = {
			isa = XCBuildConfiguration;
			buildSettings = {
				ASSETCATALOG_COMPILER_APPICON_NAME = AppIcon;
				CODE_SIGN_STYLE = Automatic;
				INFOPLIST_FILE = "todo-app/Info.plist";
				LD_RUNPATH_SEARCH_PATHS = (
					"$(inherited)",
					"@executable_path/Frameworks",
				);
				PRODUCT_BUNDLE_IDENTIFIER = "com.antonbogomazov.todo-app";
				PRODUCT_NAME = "$(TARGET_NAME)";
				SWIFT_VERSION = 5.0;
				TARGETED_DEVICE_FAMILY = "1,2";
			};
			name = Debug;
		};
		420C5634250FC35A0053E16F /* Release */ = {
			isa = XCBuildConfiguration;
			buildSettings = {
				ASSETCATALOG_COMPILER_APPICON_NAME = AppIcon;
				CODE_SIGN_STYLE = Automatic;
				INFOPLIST_FILE = "todo-app/Info.plist";
				LD_RUNPATH_SEARCH_PATHS = (
					"$(inherited)",
					"@executable_path/Frameworks",
				);
				PRODUCT_BUNDLE_IDENTIFIER = "com.antonbogomazov.todo-app";
				PRODUCT_NAME = "$(TARGET_NAME)";
				SWIFT_VERSION = 5.0;
				TARGETED_DEVICE_FAMILY = "1,2";
			};
			name = Release;
		};
/* End XCBuildConfiguration section */

/* Begin XCConfigurationList section */
		420C5619250FC3590053E16F /* Build configuration list for PBXProject "todo-app" */ = {
			isa = XCConfigurationList;
			buildConfigurations = (
				420C5630250FC35A0053E16F /* Debug */,
				420C5631250FC35A0053E16F /* Release */,
			);
			defaultConfigurationIsVisible = 0;
			defaultConfigurationName = Release;
		};
		420C5632250FC35A0053E16F /* Build configuration list for PBXNativeTarget "todo-app" */ = {
			isa = XCConfigurationList;
			buildConfigurations = (
				420C5633250FC35A0053E16F /* Debug */,
				420C5634250FC35A0053E16F /* Release */,
			);
			defaultConfigurationIsVisible = 0;
			defaultConfigurationName = Release;
		};
/* End XCConfigurationList section */
	};
	rootObject = 420C5616250FC3590053E16F /* Project object */;
}
